
Microsoft Visual Studio Solution File, Format Version 12.00
# Visual Studio Version 17
VisualStudioVersion = 17.5.002.0
MinimumVisualStudioVersion = 10.0.40219.1
Project("{9A19103F-16F7-4668-BE54-9A1E7A4F7556}") = "LoginApi", "LoginApi.csproj", "{BDD5E298-8413-4D69-A672-EBEA94F88463}"
EndProject
Global
	GlobalSection(SolutionConfigurationPlatforms) = preSolution
		Debug|Any CPU = Debug|Any CPU
		Release|Any CPU = Release|Any CPU
	EndGlobalSection
	GlobalSection(ProjectConfigurationPlatforms) = postSolution
		{BDD5E298-8413-4D69-A672-EBEA94F88463}.Debug|Any CPU.ActiveCfg = Debug|Any CPU
		{BDD5E298-8413-4D69-A672-EBEA94F88463}.Debug|Any CPU.Build.0 = Debug|Any CPU
		{BDD5E298-8413-4D69-A672-EBEA94F88463}.Release|Any CPU.ActiveCfg = Release|Any CPU
		{BDD5E298-8413-4D69-A672-EBEA94F88463}.Release|Any CPU.Build.0 = Release|Any CPU
	EndGlobalSection
	GlobalSection(SolutionProperties) = preSolution
		HideSolutionNode = FALSE
	EndGlobalSection
	GlobalSection(ExtensibilityGlobals) = postSolution
		SolutionGuid = {5822D579-C20C-4AEE-B140-803F97903BD7}
	EndGlobalSection
EndGlobal
